// !$*UTF8*$!
{
	archiveVersion = 1;
	classes = {
	};
	objectVersion = 70;
	objects = {

/* Begin PBXBuildFile section */
		6414BCA72F82E4D8009BF848 /* KaiScriptView.swift in Sources */ = {isa = PBXBuildFile; fileRef = 6414BCA62F82E4D8009BF848 /* KaiScriptView.swift */; };
		6414BCF72F883CF6009BF848 /* AppLocalization.swift in Sources */ = {isa = PBXBuildFile; fileRef = 6414BCF62F883CF6009BF848 /* AppLocalization.swift */; };
		6414BCFC2F883D4C009BF848 /* Localizable.strings in Resources */ = {isa = PBXBuildFile; fileRef = 6414BCFA2F883D4C009BF848 /* Localizable.strings */; };
		6414BCFF2F883D4C009BF848 /* Localizable.strings in Resources */ = {isa = PBXBuildFile; fileRef = 6414BCFD2F883D4C009BF848 /* Localizable.strings */; };
		6414BD022F883D4C009BF848 /* Localizable.strings in Resources */ = {isa = PBXBuildFile; fileRef = 6414BD002F883D4C009BF848 /* Localizable.strings */; };
		6414BD052F883D4C009BF848 /* Localizable.strings in Resources */ = {isa = PBXBuildFile; fileRef = 6414BD032F883D4C009BF848 /* Localizable.strings */; };
		6414BD082F883D4C009BF848 /* Localizable.strings in Resources */ = {isa = PBXBuildFile; fileRef = 6414BD062F883D4C009BF848 /* Localizable.strings */; };
		6414BD0B2F883D4C009BF848 /* Localizable.strings in Resources */ = {isa = PBXBuildFile; fileRef = 6414BD092F883D4C009BF848 /* Localizable.strings */; };
		64A6BDB42F8F8D67003951DC /* SleepStoriesExperienceView.swift in Sources */ = {isa = PBXBuildFile; fileRef = 64A6BDB32F8F8D67003951DC /* SleepStoriesExperienceView.swift */; };
		64A6BDB62F8F9D42003951DC /* SleepStoryCompletionView.swift in Sources */ = {isa = PBXBuildFile; fileRef = 64A6BDB52F8F9D42003951DC /* SleepStoryCompletionView.swift */; };
		64B0B2A02F900B4B003951DC /* AppAttestAuthManager.swift in Sources */ = {isa = PBXBuildFile; fileRef = 64B0B29F2F900B4B003951DC /* AppAttestAuthManager.swift */; };
		64F9FE2B2F7BE1F100BBB344 /* WidgetKit.framework in Frameworks */ = {isa = PBXBuildFile; fileRef = 64F9FE2A2F7BE1F100BBB344 /* WidgetKit.framework */; };
		64F9FE2D2F7BE1F100BBB344 /* SwiftUI.framework in Frameworks */ = {isa = PBXBuildFile; fileRef = 64F9FE2C2F7BE1F100BBB344 /* SwiftUI.framework */; };
		64F9FE3C2F7BE1F100BBB344 /* MeditationWidgetExtension.appex in Embed Foundation Extensions */ = {isa = PBXBuildFile; fileRef = 64F9FE282F7BE1F100BBB344 /* MeditationWidgetExtension.appex */; settings = {ATTRIBUTES = (RemoveHeadersOnCopy, ); }; };
		64F9FE432F7BEC2300BBB344 /* LiveTimerAttributes.swift in Sources */ = {isa = PBXBuildFile; fileRef = 64F9FE422F7BEC2300BBB344 /* LiveTimerAttributes.swift */; };
		64F9FE442F7BECF000BBB344 /* LiveTimerAttributes.swift in Sources */ = {isa = PBXBuildFile; fileRef = 64F9FE422F7BEC2300BBB344 /* LiveTimerAttributes.swift */; };
		64F9FE462F7C7B7300BBB344 /* KAIPaywallView.swift in Sources */ = {isa = PBXBuildFile; fileRef = 64F9FE452F7C7B7300BBB344 /* KAIPaywallView.swift */; };
		64F9FE6C2F7D4BD500BBB344 /* StartKaiMeditationIntent.swift in Sources */ = {isa = PBXBuildFile; fileRef = 64F9FE6B2F7D4BD500BBB344 /* StartKaiMeditationIntent.swift */; };
		64F9FE6E2F7FC73C00BBB344 /* SessionMemory.swift in Sources */ = {isa = PBXBuildFile; fileRef = 64F9FE6D2F7FC73C00BBB344 /* SessionMemory.swift */; };
		64F9FE702F7FC80700BBB344 /* ReflectionPromptView.swift in Sources */ = {isa = PBXBuildFile; fileRef = 64F9FE6F2F7FC80700BBB344 /* ReflectionPromptView.swift */; };
		64F9FE722F8082E300BBB344 /* ShareSessionPayload.swift in Sources */ = {isa = PBXBuildFile; fileRef = 64F9FE712F8082E300BBB344 /* ShareSessionPayload.swift */; };
		64F9FE742F8082F700BBB344 /* ShareSessionCardView.swift in Sources */ = {isa = PBXBuildFile; fileRef = 64F9FE732F8082F700BBB344 /* ShareSessionCardView.swift */; };
		64F9FE762F8082FC00BBB344 /* ShareSheet.swift in Sources */ = {isa = PBXBuildFile; fileRef = 64F9FE752F8082FC00BBB344 /* ShareSheet.swift */; };
		A10001 /* VindlaApp.swift in Sources */ = {isa = PBXBuildFile; fileRef = B10001 /* VindlaApp.swift */; };
		A10002 /* MeditationManager.swift in Sources */ = {isa = PBXBuildFile; fileRef = B10002 /* MeditationManager.swift */; };
		A10003 /* SoundEngine.swift in Sources */ = {isa = PBXBuildFile; fileRef = B10003 /* SoundEngine.swift */; };
		A10004 /* ContentView.swift in Sources */ = {isa = PBXBuildFile; fileRef = B10004 /* ContentView.swift */; };
		A10005 /* SettingsView.swift in Sources */ = {isa = PBXBuildFile; fileRef = B10005 /* SettingsView.swift */; };
		A10006 /* BreathingCircleView.swift in Sources */ = {isa = PBXBuildFile; fileRef = B10006 /* BreathingCircleView.swift */; };
		A10007 /* StartMeditationIntent.swift in Sources */ = {isa = PBXBuildFile; fileRef = B10007 /* StartMeditationIntent.swift */; };
		A10008 /* StopMeditationIntent.swift in Sources */ = {isa = PBXBuildFile; fileRef = B10008 /* StopMeditationIntent.swift */; };
		A10009 /* MeditationShortcuts.swift in Sources */ = {isa = PBXBuildFile; fileRef = B10009 /* MeditationShortcuts.swift */; };
		A1000B /* Secrets.swift in Sources */ = {isa = PBXBuildFile; fileRef = F1000B /* Secrets.swift */; };
		A1000C /* SavedMeditationsLibraryView.swift in Sources */ = {isa = PBXBuildFile; fileRef = F1000C /* SavedMeditationsLibraryView.swift */; };
		A10010 /* Assets.xcassets in Resources */ = {isa = PBXBuildFile; fileRef = B10010 /* Assets.xcassets */; };
		A10011 /* BreathingTechnique.swift in Sources */ = {isa = PBXBuildFile; fileRef = B10013 /* BreathingTechnique.swift */; };
		A10012 /* StoreKitManager.swift in Sources */ = {isa = PBXBuildFile; fileRef = B10014 /* StoreKitManager.swift */; };
		A10015 /* MeditationScript.swift in Sources */ = {isa = PBXBuildFile; fileRef = B10017 /* MeditationScript.swift */; };
		A10016 /* GuruManager.swift in Sources */ = {isa = PBXBuildFile; fileRef = B10018 /* GuruManager.swift */; };
		A10017 /* VoiceSelectionView.swift in Sources */ = {isa = PBXBuildFile; fileRef = B10019 /* VoiceSelectionView.swift */; };
		A10018 /* SpeechManager.swift in Sources */ = {isa = PBXBuildFile; fileRef = B10020 /* SpeechManager.swift */; };
		A10019 /* KaiBrainService.swift in Sources */ = {isa = PBXBuildFile; fileRef = B10021 /* KaiBrainService.swift */; };
		A10020 /* KaiExperienceView.swift in Sources */ = {isa = PBXBuildFile; fileRef = B10022 /* KaiExperienceView.swift */; };
/* End PBXBuildFile section */

/* Begin PBXContainerItemProxy section */
		64F9FE3A2F7BE1F100BBB344 /* PBXContainerItemProxy */ = {
			isa = PBXContainerItemProxy;
			containerPortal = E10002 /* Project object */;
			proxyType = 1;
			remoteGlobalIDString = 64F9FE272F7BE1F100BBB344;
			remoteInfo = MeditationWidgetExtension;
		};
/* End PBXContainerItemProxy section */

/* Begin PBXCopyFilesBuildPhase section */
		64F9FE412F7BE1F100BBB344 /* Embed Foundation Extensions */ = {
			isa = PBXCopyFilesBuildPhase;
			buildActionMask = 2147483647;
			dstPath = "";
			dstSubfolderSpec = 13;
			files = (
				64F9FE3C2F7BE1F100BBB344 /* MeditationWidgetExtension.appex in Embed Foundation Extensions */,
			);
			name = "Embed Foundation Extensions";
			runOnlyForDeploymentPostprocessing = 0;
		};
/* End PBXCopyFilesBuildPhase section */

/* Begin PBXFileReference section */
		640598A62F76CAF500B0F381 /* Products.storekit */ = {isa = PBXFileReference; lastKnownFileType = text; path = Products.storekit; sourceTree = "<group>"; };
		6414BCA62F82E4D8009BF848 /* KaiScriptView.swift */ = {isa = PBXFileReference; lastKnownFileType = sourcecode.swift; path = KaiScriptView.swift; sourceTree = "<group>"; };
		6414BCF62F883CF6009BF848 /* AppLocalization.swift */ = {isa = PBXFileReference; lastKnownFileType = sourcecode.swift; path = AppLocalization.swift; sourceTree = "<group>"; };
		6414BCFB2F883D4C009BF848 /* en */ = {isa = PBXFileReference; lastKnownFileType = text.plist.strings; name = en; path = Localizable.strings; sourceTree = "<group>"; };
		6414BCFE2F883D4C009BF848 /* sv */ = {isa = PBXFileReference; lastKnownFileType = text.plist.strings; name = sv; path = Localizable.strings; sourceTree = "<group>"; };
		6414BD012F883D4C009BF848 /* es */ = {isa = PBXFileReference; lastKnownFileType = text.plist.strings; name = es; path = Localizable.strings; sourceTree = "<group>"; };
		6414BD042F883D4C009BF848 /* fr */ = {isa = PBXFileReference; lastKnownFileType = text.plist.strings; name = fr; path = Localizable.strings; sourceTree = "<group>"; };
		6414BD072F883D4C009BF848 /* nb */ = {isa = PBXFileReference; lastKnownFileType = text.plist.strings; name = nb; path = Localizable.strings; sourceTree = "<group>"; };
		6414BD0A2F883D4C009BF848 /* da */ = {isa = PBXFileReference; lastKnownFileType = text.plist.strings; name = da; path = Localizable.strings; sourceTree = "<group>"; };
		64A6BDB32F8F8D67003951DC /* SleepStoriesExperienceView.swift */ = {isa = PBXFileReference; lastKnownFileType = sourcecode.swift; path = SleepStoriesExperienceView.swift; sourceTree = "<group>"; };
		64A6BDB52F8F9D42003951DC /* SleepStoryCompletionView.swift */ = {isa = PBXFileReference; lastKnownFileType = sourcecode.swift; path = SleepStoryCompletionView.swift; sourceTree = "<group>"; };
		64B0B29F2F900B4B003951DC /* AppAttestAuthManager.swift */ = {isa = PBXFileReference; lastKnownFileType = sourcecode.swift; path = AppAttestAuthManager.swift; sourceTree = "<group>"; };
		64F9FE232F7BE17400BBB344 /* Vindla.entitlements */ = {isa = PBXFileReference; lastKnownFileType = text.plist.entitlements; path = Vindla.entitlements; sourceTree = "<group>"; };
		64F9FE282F7BE1F100BBB344 /* MeditationWidgetExtension.appex */ = {isa = PBXFileReference; explicitFileType = "wrapper.app-extension"; includeInIndex = 0; path = MeditationWidgetExtension.appex; sourceTree = BUILT_PRODUCTS_DIR; };
		64F9FE2A2F7BE1F100BBB344 /* WidgetKit.framework */ = {isa = PBXFileReference; lastKnownFileType = wrapper.framework; name = WidgetKit.framework; path = System/Library/Frameworks/WidgetKit.framework; sourceTree = SDKROOT; };
		64F9FE2C2F7BE1F100BBB344 /* SwiftUI.framework */ = {isa = PBXFileReference; lastKnownFileType = wrapper.framework; name = SwiftUI.framework; path = System/Library/Frameworks/SwiftUI.framework; sourceTree = SDKROOT; };
		64F9FE422F7BEC2300BBB344 /* LiveTimerAttributes.swift */ = {isa = PBXFileReference; lastKnownFileType = sourcecode.swift; path = LiveTimerAttributes.swift; sourceTree = "<group>"; };
		64F9FE452F7C7B7300BBB344 /* KAIPaywallView.swift */ = {isa = PBXFileReference; lastKnownFileType = sourcecode.swift; path = KAIPaywallView.swift; sourceTree = "<group>"; };
		64F9FE6B2F7D4BD500BBB344 /* StartKaiMeditationIntent.swift */ = {isa = PBXFileReference; lastKnownFileType = sourcecode.swift; path = StartKaiMeditationIntent.swift; sourceTree = "<group>"; };
		64F9FE6D2F7FC73C00BBB344 /* SessionMemory.swift */ = {isa = PBXFileReference; lastKnownFileType = sourcecode.swift; path = SessionMemory.swift; sourceTree = "<group>"; };
		64F9FE6F2F7FC80700BBB344 /* ReflectionPromptView.swift */ = {isa = PBXFileReference; lastKnownFileType = sourcecode.swift; path = ReflectionPromptView.swift; sourceTree = "<group>"; };
		64F9FE712F8082E300BBB344 /* ShareSessionPayload.swift */ = {isa = PBXFileReference; lastKnownFileType = sourcecode.swift; path = ShareSessionPayload.swift; sourceTree = "<group>"; };
		64F9FE732F8082F700BBB344 /* ShareSessionCardView.swift */ = {isa = PBXFileReference; lastKnownFileType = sourcecode.swift; path = ShareSessionCardView.swift; sourceTree = "<group>"; };
		64F9FE752F8082FC00BBB344 /* ShareSheet.swift */ = {isa = PBXFileReference; lastKnownFileType = sourcecode.swift; path = ShareSheet.swift; sourceTree = "<group>"; };
		B10001 /* VindlaApp.swift */ = {isa = PBXFileReference; lastKnownFileType = sourcecode.swift; path = VindlaApp.swift; sourceTree = "<group>"; };
		B10002 /* MeditationManager.swift */ = {isa = PBXFileReference; lastKnownFileType = sourcecode.swift; path = MeditationManager.swift; sourceTree = "<group>"; };
		B10003 /* SoundEngine.swift */ = {isa = PBXFileReference; lastKnownFileType = sourcecode.swift; path = SoundEngine.swift; sourceTree = "<group>"; };
		B10004 /* ContentView.swift */ = {isa = PBXFileReference; lastKnownFileType = sourcecode.swift; path = ContentView.swift; sourceTree = "<group>"; };
		B10005 /* SettingsView.swift */ = {isa = PBXFileReference; lastKnownFileType = sourcecode.swift; path = SettingsView.swift; sourceTree = "<group>"; };
		B10006 /* BreathingCircleView.swift */ = {isa = PBXFileReference; lastKnownFileType = sourcecode.swift; path = BreathingCircleView.swift; sourceTree = "<group>"; };
		B10007 /* StartMeditationIntent.swift */ = {isa = PBXFileReference; lastKnownFileType = sourcecode.swift; path = StartMeditationIntent.swift; sourceTree = "<group>"; };
		B10008 /* StopMeditationIntent.swift */ = {isa = PBXFileReference; lastKnownFileType = sourcecode.swift; path = StopMeditationIntent.swift; sourceTree = "<group>"; };
		B10009 /* MeditationShortcuts.swift */ = {isa = PBXFileReference; lastKnownFileType = sourcecode.swift; path = MeditationShortcuts.swift; sourceTree = "<group>"; };
		B10010 /* Assets.xcassets */ = {isa = PBXFileReference; lastKnownFileType = folder.assetcatalog; path = Assets.xcassets; sourceTree = "<group>"; };
		B10011 /* Info.plist */ = {isa = PBXFileReference; lastKnownFileType = text.plist.xml; path = Info.plist; sourceTree = "<group>"; };
		B10012 /* Vindla.app */ = {isa = PBXFileReference; explicitFileType = wrapper.application; includeInIndex = 0; path = Vindla.app; sourceTree = BUILT_PRODUCTS_DIR; };
		B10013 /* BreathingTechnique.swift */ = {isa = PBXFileReference; lastKnownFileType = sourcecode.swift; path = BreathingTechnique.swift; sourceTree = "<group>"; };
		B10014 /* StoreKitManager.swift */ = {isa = PBXFileReference; lastKnownFileType = sourcecode.swift; path = StoreKitManager.swift; sourceTree = "<group>"; };
		B10017 /* MeditationScript.swift */ = {isa = PBXFileReference; lastKnownFileType = sourcecode.swift; path = MeditationScript.swift; sourceTree = "<group>"; };
		B10018 /* GuruManager.swift */ = {isa = PBXFileReference; lastKnownFileType = sourcecode.swift; path = GuruManager.swift; sourceTree = "<group>"; };
		B10019 /* VoiceSelectionView.swift */ = {isa = PBXFileReference; lastKnownFileType = sourcecode.swift; path = VoiceSelectionView.swift; sourceTree = "<group>"; };
		B10020 /* SpeechManager.swift */ = {isa = PBXFileReference; lastKnownFileType = sourcecode.swift; path = SpeechManager.swift; sourceTree = "<group>"; };
		B10021 /* KaiBrainService.swift */ = {isa = PBXFileReference; lastKnownFileType = sourcecode.swift; path = KaiBrainService.swift; sourceTree = "<group>"; };
		B10022 /* KaiExperienceView.swift */ = {isa = PBXFileReference; lastKnownFileType = sourcecode.swift; path = KaiExperienceView.swift; sourceTree = "<group>"; };
		F1000B /* Secrets.swift */ = {isa = PBXFileReference; lastKnownFileType = sourcecode.swift; path = Secrets.swift; sourceTree = "<group>"; };
		F1000C /* SavedMeditationsLibraryView.swift */ = {isa = PBXFileReference; lastKnownFileType = sourcecode.swift; path = SavedMeditationsLibraryView.swift; sourceTree = "<group>"; };
/* End PBXFileReference section */

/* Begin PBXFileSystemSynchronizedBuildFileExceptionSet section */
		64F9FE3D2F7BE1F100BBB344 /* PBXFileSystemSynchronizedBuildFileExceptionSet */ = {
			isa = PBXFileSystemSynchronizedBuildFileExceptionSet;
			membershipExceptions = (
				Info.plist,
			);
			target = 64F9FE272F7BE1F100BBB344 /* MeditationWidgetExtension */;
		};
/* End PBXFileSystemSynchronizedBuildFileExceptionSet section */

/* Begin PBXFileSystemSynchronizedRootGroup section */
		64F9FE2E2F7BE1F100BBB344 /* MeditationWidget */ = {isa = PBXFileSystemSynchronizedRootGroup; exceptions = (64F9FE3D2F7BE1F100BBB344 /* PBXFileSystemSynchronizedBuildFileExceptionSet */, ); explicitFileTypes = {}; explicitFolders = (); path = MeditationWidget; sourceTree = "<group>"; };
/* End PBXFileSystemSynchronizedRootGroup section */

/* Begin PBXFrameworksBuildPhase section */
		64F9FE252F7BE1F100BBB344 /* Frameworks */ = {
			isa = PBXFrameworksBuildPhase;
			buildActionMask = 2147483647;
			files = (
				64F9FE2D2F7BE1F100BBB344 /* SwiftUI.framework in Frameworks */,
				64F9FE2B2F7BE1F100BBB344 /* WidgetKit.framework in Frameworks */,
			);
			runOnlyForDeploymentPostprocessing = 0;
		};
		C10001 /* Frameworks */ = {
			isa = PBXFrameworksBuildPhase;
			buildActionMask = 2147483647;
			files = (
			);
			runOnlyForDeploymentPostprocessing = 0;
		};
/* End PBXFrameworksBuildPhase section */

/* Begin PBXGroup section */
		6414BCF82F883D3A009BF848 /* en.lproj */ = {
			isa = PBXGroup;
			children = (
				6414BCFA2F883D4C009BF848 /* Localizable.strings */,
			);
			path = en.lproj;
			sourceTree = "<group>";
		};
		6414BCF92F883D3A009BF848 /* sv.lproj */ = {
			isa = PBXGroup;
			children = (
				6414BCFD2F883D4C009BF848 /* Localizable.strings */,
			);
			path = sv.lproj;
			sourceTree = "<group>";
		};
		6414BCFA2F883D3A009BF849 /* es.lproj */ = {
			isa = PBXGroup;
			children = (
				6414BD002F883D4C009BF848 /* Localizable.strings */,
			);
			path = es.lproj;
			sourceTree = "<group>";
		};
		6414BCFB2F883D3A009BF84A /* fr.lproj */ = {
			isa = PBXGroup;
			children = (
				6414BD032F883D4C009BF848 /* Localizable.strings */,
			);
			path = fr.lproj;
			sourceTree = "<group>";
		};
		6414BCFC2F883D3A009BF84B /* nb.lproj */ = {
			isa = PBXGroup;
			children = (
				6414BD062F883D4C009BF848 /* Localizable.strings */,
			);
			path = nb.lproj;
			sourceTree = "<group>";
		};
		6414BCFD2F883D3A009BF84C /* da.lproj */ = {
			isa = PBXGroup;
			children = (
				6414BD092F883D4C009BF848 /* Localizable.strings */,
			);
			path = da.lproj;
			sourceTree = "<group>";
		};
		64F9FE292F7BE1F100BBB344 /* Frameworks */ = {
			isa = PBXGroup;
			children = (
				64F9FE2A2F7BE1F100BBB344 /* WidgetKit.framework */,
				64F9FE2C2F7BE1F100BBB344 /* SwiftUI.framework */,
			);
			name = Frameworks;
			sourceTree = "<group>";
		};
		D10001 = {
			isa = PBXGroup;
			children = (
				640598A62F76CAF500B0F381 /* Products.storekit */,
				D10002 /* Stilla */,
				64F9FE2E2F7BE1F100BBB344 /* MeditationWidget */,
				64F9FE292F7BE1F100BBB344 /* Frameworks */,
				D10005 /* Products */,
			);
			sourceTree = "<group>";
		};
		D10002 /* Stilla */ = {
			isa = PBXGroup;
			children = (
				64F9FE232F7BE17400BBB344 /* Vindla.entitlements */,
				B10001 /* VindlaApp.swift */,
				B10002 /* MeditationManager.swift */,
				B10003 /* SoundEngine.swift */,
				D10003 /* Views */,
				D10004 /* Intents */,
				D10006 /* Models */,
				D10007 /* Store */,
				B10010 /* Assets.xcassets */,
				B10011 /* Info.plist */,
				B10018 /* GuruManager.swift */,
				F1000B /* Secrets.swift */,
				D10008 /* Services */,
				6414BCF82F883D3A009BF848 /* en.lproj */,
				6414BCF92F883D3A009BF848 /* sv.lproj */,
				6414BCFA2F883D3A009BF849 /* es.lproj */,
				6414BCFB2F883D3A009BF84A /* fr.lproj */,
				6414BCFC2F883D3A009BF84B /* nb.lproj */,
				6414BCFD2F883D3A009BF84C /* da.lproj */,
			);
			path = Stilla;
			sourceTree = "<group>";
		};
		D10003 /* Views */ = {
			isa = PBXGroup;
			children = (
				6414BCA62F82E4D8009BF848 /* KaiScriptView.swift */,
				64F9FE452F7C7B7300BBB344 /* KAIPaywallView.swift */,
				B10004 /* ContentView.swift */,
				B10005 /* SettingsView.swift */,
				B10006 /* BreathingCircleView.swift */,
				B10019 /* VoiceSelectionView.swift */,
				B10022 /* KaiExperienceView.swift */,
				F1000C /* SavedMeditationsLibraryView.swift */,
				64F9FE6F2F7FC80700BBB344 /* ReflectionPromptView.swift */,
				64F9FE732F8082F700BBB344 /* ShareSessionCardView.swift */,
				64F9FE752F8082FC00BBB344 /* ShareSheet.swift */,
				64A6BDB32F8F8D67003951DC /* SleepStoriesExperienceView.swift */,
				64A6BDB52F8F9D42003951DC /* SleepStoryCompletionView.swift */,
			);
			path = Views;
			sourceTree = "<group>";
		};
		D10004 /* Intents */ = {
			isa = PBXGroup;
			children = (
				64F9FE6B2F7D4BD500BBB344 /* StartKaiMeditationIntent.swift */,
				B10007 /* StartMeditationIntent.swift */,
				B10008 /* StopMeditationIntent.swift */,
				B10009 /* MeditationShortcuts.swift */,
			);
			path = Intents;
			sourceTree = "<group>";
		};
		D10005 /* Products */ = {
			isa = PBXGroup;
			children = (
				B10012 /* Vindla.app */,
				64F9FE282F7BE1F100BBB344 /* MeditationWidgetExtension.appex */,
			);
			name = Products;
			sourceTree = "<group>";
		};
		D10006 /* Models */ = {
			isa = PBXGroup;
			children = (
				64F9FE422F7BEC2300BBB344 /* LiveTimerAttributes.swift */,
				B10013 /* BreathingTechnique.swift */,
				B10017 /* MeditationScript.swift */,
				64F9FE6D2F7FC73C00BBB344 /* SessionMemory.swift */,
				64F9FE712F8082E300BBB344 /* ShareSessionPayload.swift */,
			);
			path = Models;
			sourceTree = "<group>";
		};
		D10007 /* Store */ = {
			isa = PBXGroup;
			children = (
				B10014 /* StoreKitManager.swift */,
			);
			path = Store;
			sourceTree = "<group>";
		};
		D10008 /* Services */ = {
			isa = PBXGroup;
			children = (
				B10020 /* SpeechManager.swift */,
				B10021 /* KaiBrainService.swift */,
				64B0B29F2F900B4B003951DC /* AppAttestAuthManager.swift */,
				6414BCF62F883CF6009BF848 /* AppLocalization.swift */,
			);
			path = Services;
			sourceTree = "<group>";
		};
/* End PBXGroup section */

/* Begin PBXNativeTarget section */
		64F9FE272F7BE1F100BBB344 /* MeditationWidgetExtension */ = {
			isa = PBXNativeTarget;
			buildConfigurationList = 64F9FE3E2F7BE1F100BBB344 /* Build configuration list for PBXNativeTarget "MeditationWidgetExtension" */;
			buildPhases = (
				64F9FE242F7BE1F100BBB344 /* Sources */,
				64F9FE252F7BE1F100BBB344 /* Frameworks */,
				64F9FE262F7BE1F100BBB344 /* Resources */,
			);
			buildRules = (
			);
			dependencies = (
			);
			fileSystemSynchronizedGroups = (
				64F9FE2E2F7BE1F100BBB344 /* MeditationWidget */,
			);
			name = MeditationWidgetExtension;
			packageProductDependencies = (
			);
			productName = MeditationWidgetExtension;
			productReference = 64F9FE282F7BE1F100BBB344 /* MeditationWidgetExtension.appex */;
			productType = "com.apple.product-type.app-extension";
		};
		E10001 /* Vindla */ = {
			isa = PBXNativeTarget;
			buildConfigurationList = F10003 /* Build configuration list for PBXNativeTarget "Vindla" */;
			buildPhases = (
				C10002 /* Sources */,
				C10001 /* Frameworks */,
				C10003 /* Resources */,
				64F9FE412F7BE1F100BBB344 /* Embed Foundation Extensions */,
			);
			buildRules = (
			);
			dependencies = (
				64F9FE3B2F7BE1F100BBB344 /* PBXTargetDependency */,
			);
			name = Vindla;
			productName = Vindla;
			productReference = B10012 /* Vindla.app */;
			productType = "com.apple.product-type.application";
		};
/* End PBXNativeTarget section */

/* Begin PBXProject section */
		E10002 /* Project object */ = {
			isa = PBXProject;
			attributes = {
				BuildIndependentTargetsInParallel = 1;
				LastSwiftUpdateCheck = 2630;
				LastUpgradeCheck = 1600;
				TargetAttributes = {
					64F9FE272F7BE1F100BBB344 = {
						CreatedOnToolsVersion = 26.3;
					};
					E10001 = {
						CreatedOnToolsVersion = 16.0;
					};
				};
			};
			buildConfigurationList = F10001 /* Build configuration list for PBXProject "Vindla" */;
			compatibilityVersion = "Xcode 14.0";
			developmentRegion = en;
			hasScannedForEncodings = 0;
			knownRegions = (
				en,
				Base,
				sv,
				es,
				fr,
				nb,
				da,
			);
			mainGroup = D10001;
			productRefGroup = D10005 /* Products */;
			projectDirPath = "";
			projectRoot = "";
			targets = (
				E10001 /* Vindla */,
				64F9FE272F7BE1F100BBB344 /* MeditationWidgetExtension */,
			);
		};
/* End PBXProject section */

/* Begin PBXResourcesBuildPhase section */
		64F9FE262F7BE1F100BBB344 /* Resources */ = {
			isa = PBXResourcesBuildPhase;
			buildActionMask = 2147483647;
			files = (
			);
			runOnlyForDeploymentPostprocessing = 0;
		};
		C10003 /* Resources */ = {
			isa = PBXResourcesBuildPhase;
			buildActionMask = 2147483647;
			files = (
				A10010 /* Assets.xcassets in Resources */,
				6414BCFF2F883D4C009BF848 /* Localizable.strings in Resources */,
				6414BCFC2F883D4C009BF848 /* Localizable.strings in Resources */,
				6414BD022F883D4C009BF848 /* Localizable.strings in Resources */,
				6414BD052F883D4C009BF848 /* Localizable.strings in Resources */,
				6414BD082F883D4C009BF848 /* Localizable.strings in Resources */,
				6414BD0B2F883D4C009BF848 /* Localizable.strings in Resources */,
			);
			runOnlyForDeploymentPostprocessing = 0;
		};
/* End PBXResourcesBuildPhase section */

/* Begin PBXSourcesBuildPhase section */
		64F9FE242F7BE1F100BBB344 /* Sources */ = {
			isa = PBXSourcesBuildPhase;
			buildActionMask = 2147483647;
			files = (
				64F9FE442F7BECF000BBB344 /* LiveTimerAttributes.swift in Sources */,
			);
			runOnlyForDeploymentPostprocessing = 0;
		};
		C10002 /* Sources */ = {
			isa = PBXSourcesBuildPhase;
			buildActionMask = 2147483647;
			files = (
				A10001 /* VindlaApp.swift in Sources */,
				64F9FE742F8082F700BBB344 /* ShareSessionCardView.swift in Sources */,
				A10002 /* MeditationManager.swift in Sources */,
				A10003 /* SoundEngine.swift in Sources */,
				A10004 /* ContentView.swift in Sources */,
				6414BCF72F883CF6009BF848 /* AppLocalization.swift in Sources */,
				64F9FE432F7BEC2300BBB344 /* LiveTimerAttributes.swift in Sources */,
				A10005 /* SettingsView.swift in Sources */,
				64F9FE722F8082E300BBB344 /* ShareSessionPayload.swift in Sources */,
				A10006 /* BreathingCircleView.swift in Sources */,
				64A6BDB42F8F8D67003951DC /* SleepStoriesExperienceView.swift in Sources */,
				A10007 /* StartMeditationIntent.swift in Sources */,
				64F9FE6E2F7FC73C00BBB344 /* SessionMemory.swift in Sources */,
				6414BCA72F82E4D8009BF848 /* KaiScriptView.swift in Sources */,
				A10008 /* StopMeditationIntent.swift in Sources */,
				A10009 /* MeditationShortcuts.swift in Sources */,
				64F9FE6C2F7D4BD500BBB344 /* StartKaiMeditationIntent.swift in Sources */,
				64F9FE462F7C7B7300BBB344 /* KAIPaywallView.swift in Sources */,
				64F9FE702F7FC80700BBB344 /* ReflectionPromptView.swift in Sources */,
				64F9FE762F8082FC00BBB344 /* ShareSheet.swift in Sources */,
				A1000B /* Secrets.swift in Sources */,
				A1000C /* SavedMeditationsLibraryView.swift in Sources */,
				A10011 /* BreathingTechnique.swift in Sources */,
				A10012 /* StoreKitManager.swift in Sources */,
				A10015 /* MeditationScript.swift in Sources */,
				A10016 /* GuruManager.swift in Sources */,
				A10017 /* VoiceSelectionView.swift in Sources */,
				64A6BDB62F8F9D42003951DC /* SleepStoryCompletionView.swift in Sources */,
				A10018 /* SpeechManager.swift in Sources */,
				64B0B2A02F900B4B003951DC /* AppAttestAuthManager.swift in Sources */,
				A10019 /* KaiBrainService.swift in Sources */,
				A10020 /* KaiExperienceView.swift in Sources */,
			);
			runOnlyForDeploymentPostprocessing = 0;
		};
/* End PBXSourcesBuildPhase section */

/* Begin PBXTargetDependency section */
		64F9FE3B2F7BE1F100BBB344 /* PBXTargetDependency */ = {
			isa = PBXTargetDependency;
			target = 64F9FE272F7BE1F100BBB344 /* MeditationWidgetExtension */;
			targetProxy = 64F9FE3A2F7BE1F100BBB344 /* PBXContainerItemProxy */;
		};
/* End PBXTargetDependency section */

/* Begin PBXVariantGroup section */
		6414BCFA2F883D4C009BF848 /* Localizable.strings */ = {
			isa = PBXVariantGroup;
			children = (
				6414BCFB2F883D4C009BF848 /* en */,
			);
			name = Localizable.strings;
			sourceTree = "<group>";
		};
		6414BCFD2F883D4C009BF848 /* Localizable.strings */ = {
			isa = PBXVariantGroup;
			children = (
				6414BCFE2F883D4C009BF848 /* sv */,
			);
			name = Localizable.strings;
			sourceTree = "<group>";
		};
		6414BD002F883D4C009BF848 /* Localizable.strings */ = {
			isa = PBXVariantGroup;
			children = (
				6414BD012F883D4C009BF848 /* es */,
			);
			name = Localizable.strings;
			sourceTree = "<group>";
		};
		6414BD032F883D4C009BF848 /* Localizable.strings */ = {
			isa = PBXVariantGroup;
			children = (
				6414BD042F883D4C009BF848 /* fr */,
			);
			name = Localizable.strings;
			sourceTree = "<group>";
		};
		6414BD062F883D4C009BF848 /* Localizable.strings */ = {
			isa = PBXVariantGroup;
			children = (
				6414BD072F883D4C009BF848 /* nb */,
			);
			name = Localizable.strings;
			sourceTree = "<group>";
		};
		6414BD092F883D4C009BF848 /* Localizable.strings */ = {
			isa = PBXVariantGroup;
			children = (
				6414BD0A2F883D4C009BF848 /* da */,
			);
			name = Localizable.strings;
			sourceTree = "<group>";
		};
/* End PBXVariantGroup section */

/* Begin XCBuildConfiguration section */
		64F9FE3F2F7BE1F100BBB344 /* Debug */ = {
			isa = XCBuildConfiguration;
			buildSettings = {
				ASSETCATALOG_COMPILER_GLOBAL_ACCENT_COLOR_NAME = AccentColor;
				ASSETCATALOG_COMPILER_WIDGET_BACKGROUND_COLOR_NAME = WidgetBackground;
				CODE_SIGN_STYLE = Automatic;
				CURRENT_PROJECT_VERSION = 1;
				DEVELOPMENT_TEAM = ZVH6AMJF8F;
				GENERATE_INFOPLIST_FILE = YES;
				INFOPLIST_FILE = MeditationWidget/Info.plist;
				INFOPLIST_KEY_CFBundleDisplayName = MeditationWidget;
				INFOPLIST_KEY_NSHumanReadableCopyright = "";
				IPHONEOS_DEPLOYMENT_TARGET = 26.2;
				LD_RUNPATH_SEARCH_PATHS = (
					"$(inherited)",
					"@executable_path/Frameworks",
					"@executable_path/../../Frameworks",
				);
				LOCALIZATION_PREFERS_STRING_CATALOGS = YES;
				MARKETING_VERSION = 1.0;
				PRODUCT_BUNDLE_IDENTIFIER = com.lingkuss.vindla.VindlaWidget;
				PRODUCT_NAME = "$(TARGET_NAME)";
				SKIP_INSTALL = YES;
				STRING_CATALOG_GENERATE_SYMBOLS = YES;
				SWIFT_APPROACHABLE_CONCURRENCY = YES;
				SWIFT_EMIT_LOC_STRINGS = YES;
				SWIFT_UPCOMING_FEATURE_MEMBER_IMPORT_VISIBILITY = YES;
				SWIFT_VERSION = 5.0;
				TARGETED_DEVICE_FAMILY = "1,2";
			};
			name = Debug;
		};
		64F9FE402F7BE1F100BBB344 /* Release */ = {
			isa = XCBuildConfiguration;
			buildSettings = {
				ASSETCATALOG_COMPILER_GLOBAL_ACCENT_COLOR_NAME = AccentColor;
				ASSETCATALOG_COMPILER_WIDGET_BACKGROUND_COLOR_NAME = WidgetBackground;
				CODE_SIGN_STYLE = Automatic;
				CURRENT_PROJECT_VERSION = 1;
				DEVELOPMENT_TEAM = ZVH6AMJF8F;
				GENERATE_INFOPLIST_FILE = YES;
				INFOPLIST_FILE = MeditationWidget/Info.plist;
				INFOPLIST_KEY_CFBundleDisplayName = MeditationWidget;
				INFOPLIST_KEY_NSHumanReadableCopyright = "";
				IPHONEOS_DEPLOYMENT_TARGET = 26.2;
				LD_RUNPATH_SEARCH_PATHS = (
					"$(inherited)",
					"@executable_path/Frameworks",
					"@executable_path/../../Frameworks",
				);
				LOCALIZATION_PREFERS_STRING_CATALOGS = YES;
				MARKETING_VERSION = 1.0;
				PRODUCT_BUNDLE_IDENTIFIER = com.lingkuss.vindla.VindlaWidget;
				PRODUCT_NAME = "$(TARGET_NAME)";
				SKIP_INSTALL = YES;
				STRING_CATALOG_GENERATE_SYMBOLS = YES;
				SWIFT_APPROACHABLE_CONCURRENCY = YES;
				SWIFT_EMIT_LOC_STRINGS = YES;
				SWIFT_UPCOMING_FEATURE_MEMBER_IMPORT_VISIBILITY = YES;
				SWIFT_VERSION = 5.0;
				TARGETED_DEVICE_FAMILY = "1,2";
			};
			name = Release;
		};
		F10004 /* Debug */ = {
			isa = XCBuildConfiguration;
			buildSettings = {
				ALWAYS_SEARCH_USER_PATHS = NO;
				ASSETCATALOG_COMPILER_GENERATE_SWIFT_ASSET_SYMBOL_EXTENSIONS = YES;
				CLANG_ANALYZER_NONNULL = YES;
				CLANG_ANALYZER_NUMBER_OBJECT_CONVERSION = YES_AGGRESSIVE;
				CLANG_CXX_LANGUAGE_STANDARD = "gnu++20";
				CLANG_ENABLE_MODULES = YES;
				CLANG_ENABLE_OBJC_ARC = YES;
				CLANG_ENABLE_OBJC_WEAK = YES;
				CLANG_WARN_BLOCK_CAPTURE_AUTORELEASING = YES;
				CLANG_WARN_BOOL_CONVERSION = YES;
				CLANG_WARN_COMMA = YES;
				CLANG_WARN_CONSTANT_CONVERSION = YES;
				CLANG_WARN_DEPRECATED_OBJC_IMPLEMENTATIONS = YES;
				CLANG_WARN_DIRECT_OBJC_ISA_USAGE = YES_ERROR;
				CLANG_WARN_DOCUMENTATION_COMMENTS = YES;
				CLANG_WARN_EMPTY_BODY = YES;
				CLANG_WARN_ENUM_CONVERSION = YES;
				CLANG_WARN_INFINITE_RECURSION = YES;
				CLANG_WARN_INT_CONVERSION = YES;
				CLANG_WARN_NON_LITERAL_NULL_CONVERSION = YES;
				CLANG_WARN_OBJC_IMPLICIT_RETAIN_SELF = YES;
				CLANG_WARN_OBJC_LITERAL_CONVERSION = YES;
				CLANG_WARN_OBJC_ROOT_CLASS = YES_ERROR;
				CLANG_WARN_QUOTED_INCLUDE_IN_FRAMEWORK_HEADER = YES;
				CLANG_WARN_RANGE_LOOP_ANALYSIS = YES;
				CLANG_WARN_STRICT_PROTOTYPES = YES;
				CLANG_WARN_SUSPICIOUS_MOVE = YES;
				CLANG_WARN_UNGUARDED_AVAILABILITY = YES_AGGRESSIVE;
				CLANG_WARN_UNREACHABLE_CODE = YES;
				CLANG_WARN__DUPLICATE_METHOD_MATCH = YES;
				COPY_PHASE_STRIP = NO;
				DEBUG_INFORMATION_FORMAT = dwarf;
				ENABLE_STRICT_OBJC_MSGSEND = YES;
				ENABLE_TESTABILITY = YES;
				ENABLE_USER_SCRIPT_SANDBOXING = YES;
				GCC_C_LANGUAGE_STANDARD = gnu17;
				GCC_DYNAMIC_NO_PIC = NO;
				GCC_NO_COMMON_BLOCKS = YES;
				GCC_OPTIMIZATION_LEVEL = 0;
				GCC_PREPROCESSOR_DEFINITIONS = (
					"DEBUG=1",
					"$(inherited)",
				);
				GCC_WARN_64_TO_32_BIT_CONVERSION = YES;
				GCC_WARN_ABOUT_RETURN_TYPE = YES_ERROR;
				GCC_WARN_UNDECLARED_SELECTOR = YES;
				GCC_WARN_UNINITIALIZED_AUTOS = YES_AGGRESSIVE;
				GCC_WARN_UNUSED_FUNCTION = YES;
				GCC_WARN_UNUSED_VARIABLE = YES;
				IPHONEOS_DEPLOYMENT_TARGET = 17.0;
				MTL_ENABLE_DEBUG_INFO = INCLUDE_SOURCE;
				MTL_FAST_MATH = YES;
				ONLY_ACTIVE_ARCH = YES;
				SDKROOT = iphoneos;
				SWIFT_ACTIVE_COMPILATION_CONDITIONS = "DEBUG $(inherited)";
				SWIFT_OPTIMIZATION_LEVEL = "-Onone";
				SWIFT_VERSION = 5.0;
			};
			name = Debug;
		};
		F10005 /* Release */ = {
			isa = XCBuildConfiguration;
			buildSettings = {
				ALWAYS_SEARCH_USER_PATHS = NO;
				ASSETCATALOG_COMPILER_GENERATE_SWIFT_ASSET_SYMBOL_EXTENSIONS = YES;
				CLANG_ANALYZER_NONNULL = YES;
				CLANG_ANALYZER_NUMBER_OBJECT_CONVERSION = YES_AGGRESSIVE;
				CLANG_CXX_LANGUAGE_STANDARD = "gnu++20";
				CLANG_ENABLE_MODULES = YES;
				CLANG_ENABLE_OBJC_ARC = YES;
				CLANG_ENABLE_OBJC_WEAK = YES;
				CLANG_WARN_BLOCK_CAPTURE_AUTORELEASING = YES;
				CLANG_WARN_BOOL_CONVERSION = YES;
				CLANG_WARN_COMMA = YES;
				CLANG_WARN_CONSTANT_CONVERSION = YES;
				CLANG_WARN_DEPRECATED_OBJC_IMPLEMENTATIONS = YES;
				CLANG_WARN_DIRECT_OBJC_ISA_USAGE = YES_ERROR;
				CLANG_WARN_DOCUMENTATION_COMMENTS = YES;
				CLANG_WARN_EMPTY_BODY = YES;
				CLANG_WARN_ENUM_CONVERSION = YES;
				CLANG_WARN_INFINITE_RECURSION = YES;
				CLANG_WARN_INT_CONVERSION = YES;
				CLANG_WARN_NON_LITERAL_NULL_CONVERSION = YES;
				CLANG_WARN_OBJC_IMPLICIT_RETAIN_SELF = YES;
				CLANG_WARN_OBJC_LITERAL_CONVERSION = YES;
				CLANG_WARN_OBJC_ROOT_CLASS = YES_ERROR;
				CLANG_WARN_QUOTED_INCLUDE_IN_FRAMEWORK_HEADER = YES;
				CLANG_WARN_RANGE_LOOP_ANALYSIS = YES;
				CLANG_WARN_STRICT_PROTOTYPES = YES;
				CLANG_WARN_SUSPICIOUS_MOVE = YES;
				CLANG_WARN_UNGUARDED_AVAILABILITY = YES_AGGRESSIVE;
				CLANG_WARN_UNREACHABLE_CODE = YES;
				CLANG_WARN__DUPLICATE_METHOD_MATCH = YES;
				COPY_PHASE_STRIP = NO;
				DEBUG_INFORMATION_FORMAT = "dwarf-with-dsym";
				ENABLE_NS_ASSERTIONS = NO;
				ENABLE_STRICT_OBJC_MSGSEND = YES;
				ENABLE_USER_SCRIPT_SANDBOXING = YES;
				GCC_C_LANGUAGE_STANDARD = gnu17;
				GCC_NO_COMMON_BLOCKS = YES;
				GCC_WARN_64_TO_32_BIT_CONVERSION = YES;
				GCC_WARN_ABOUT_RETURN_TYPE = YES_ERROR;
				GCC_WARN_UNDECLARED_SELECTOR = YES;
				GCC_WARN_UNINITIALIZED_AUTOS = YES_AGGRESSIVE;
				GCC_WARN_UNUSED_FUNCTION = YES;
				GCC_WARN_UNUSED_VARIABLE = YES;
				IPHONEOS_DEPLOYMENT_TARGET = 17.0;
				MTL_ENABLE_DEBUG_INFO = NO;
				MTL_FAST_MATH = YES;
				SDKROOT = iphoneos;
				SWIFT_COMPILATION_MODE = wholemodule;
				SWIFT_VERSION = 5.0;
				VALIDATE_PRODUCT = YES;
			};
			name = Release;
		};
		F10006 /* Debug */ = {
			isa = XCBuildConfiguration;
			buildSettings = {
				ASSETCATALOG_COMPILER_APPICON_NAME = AppIcon;
				ASSETCATALOG_COMPILER_GLOBAL_ACCENT_COLOR_NAME = AccentColor;
				CODE_SIGN_ENTITLEMENTS = Stilla/Vindla.entitlements;
				CODE_SIGN_IDENTITY = "Apple Development";
				CODE_SIGN_STYLE = Automatic;
				CURRENT_PROJECT_VERSION = 1;
				DEVELOPMENT_TEAM = ZVH6AMJF8F;
				GENERATE_INFOPLIST_FILE = NO;
				INFOPLIST_FILE = Stilla/Info.plist;
				INFOPLIST_KEY_CFBundleDisplayName = Vindla;
				INFOPLIST_KEY_LSApplicationCategoryType = "public.app-category.healthcare-fitness";
				INFOPLIST_KEY_UIApplicationSceneManifest_Generation = YES;
				INFOPLIST_KEY_UIApplicationSupportsIndirectInputEvents = YES;
				INFOPLIST_KEY_UILaunchScreen_Generation = YES;
				INFOPLIST_KEY_UISupportedInterfaceOrientations = UIInterfaceOrientationPortrait;
				LD_RUNPATH_SEARCH_PATHS = (
					"$(inherited)",
					"@executable_path/Frameworks",
				);
				MARKETING_VERSION = 1.0;
				PRODUCT_BUNDLE_IDENTIFIER = com.lingkuss.vindla;
				PRODUCT_NAME = "$(TARGET_NAME)";
				PROVISIONING_PROFILE_SPECIFIER = "";
				SUPPORTED_PLATFORMS = "iphoneos iphonesimulator";
				SUPPORTS_MACCATALYST = NO;
				SWIFT_EMIT_LOC_STRINGS = YES;
				SWIFT_VERSION = 5.0;
				TARGETED_DEVICE_FAMILY = 1;
			};
			name = Debug;
		};
		F10007 /* Release */ = {
			isa = XCBuildConfiguration;
			buildSettings = {
				ASSETCATALOG_COMPILER_APPICON_NAME = AppIcon;
				ASSETCATALOG_COMPILER_GLOBAL_ACCENT_COLOR_NAME = AccentColor;
				CODE_SIGN_ENTITLEMENTS = Stilla/Vindla.entitlements;
				CODE_SIGN_IDENTITY = "Apple Development";
				CODE_SIGN_STYLE = Automatic;
				CURRENT_PROJECT_VERSION = 1;
				DEVELOPMENT_TEAM = ZVH6AMJF8F;
				GENERATE_INFOPLIST_FILE = NO;
				INFOPLIST_FILE = Stilla/Info.plist;
				INFOPLIST_KEY_CFBundleDisplayName = Vindla;
				INFOPLIST_KEY_LSApplicationCategoryType = "public.app-category.healthcare-fitness";
				INFOPLIST_KEY_UIApplicationSceneManifest_Generation = YES;
				INFOPLIST_KEY_UIApplicationSupportsIndirectInputEvents = YES;
				INFOPLIST_KEY_UILaunchScreen_Generation = YES;
				INFOPLIST_KEY_UISupportedInterfaceOrientations = UIInterfaceOrientationPortrait;
				LD_RUNPATH_SEARCH_PATHS = (
					"$(inherited)",
					"@executable_path/Frameworks",
				);
				MARKETING_VERSION = 1.0;
				PRODUCT_BUNDLE_IDENTIFIER = com.lingkuss.vindla;
				PRODUCT_NAME = "$(TARGET_NAME)";
				PROVISIONING_PROFILE_SPECIFIER = "";
				SUPPORTED_PLATFORMS = "iphoneos iphonesimulator";
				SUPPORTS_MACCATALYST = NO;
				SWIFT_EMIT_LOC_STRINGS = YES;
				SWIFT_VERSION = 5.0;
				TARGETED_DEVICE_FAMILY = 1;
			};
			name = Release;
		};
/* End XCBuildConfiguration section */

/* Begin XCConfigurationList section */
		64F9FE3E2F7BE1F100BBB344 /* Build configuration list for PBXNativeTarget "MeditationWidgetExtension" */ = {
			isa = XCConfigurationList;
			buildConfigurations = (
				64F9FE3F2F7BE1F100BBB344 /* Debug */,
				64F9FE402F7BE1F100BBB344 /* Release */,
			);
			defaultConfigurationIsVisible = 0;
			defaultConfigurationName = Release;
		};
		F10001 /* Build configuration list for PBXProject "Vindla" */ = {
			isa = XCConfigurationList;
			buildConfigurations = (
				F10004 /* Debug */,
				F10005 /* Release */,
			);
			defaultConfigurationIsVisible = 0;
			defaultConfigurationName = Release;
		};
		F10003 /* Build configuration list for PBXNativeTarget "Vindla" */ = {
			isa = XCConfigurationList;
			buildConfigurations = (
				F10006 /* Debug */,
				F10007 /* Release */,
			);
			defaultConfigurationIsVisible = 0;
			defaultConfigurationName = Release;
		};
/* End XCConfigurationList section */
	};
	rootObject = E10002 /* Project object */;
}
